{
  "name": "wx-opendata-scripts",
  "lockfileVersion": 2,
  "requires": true,
  "packages": {
    "": {
      "name": "wx-opendata-scripts",
      "dependencies": {
        "minigame-canvas-engine": "^1.0.29"
      }
    },
    "node_modules/@jridgewell/gen-mapping": {
      "version": "0.3.13",
      "license": "MIT",
      "dependencies": {
        "@jridgewell/sourcemap-codec": "^1.5.0",
        "@jridgewell/trace-mapping": "^0.3.24"
      }
    },
    "node_modules/@jridgewell/resolve-uri": {
      "version": "3.1.2",
      "license": "MIT",
      "engines": {
        "node": ">=6.0.0"
      }
    },
    "node_modules/@jridgewell/source-map": {
      "version": "0.3.11",
      "license": "MIT",
      "dependencies": {
        "@jridgewell/gen-mapping": "^0.3.5",
        "@jridgewell/trace-mapping": "^0.3.25"
      }
    },
    "node_modules/@jridgewell/sourcemap-codec": {
      "version": "1.5.5",
      "license": "MIT"
    },
    "node_modules/@jridgewell/trace-mapping": {
      "version": "0.3.31",
      "license": "MIT",
      "dependencies": {
        "@jridgewell/resolve-uri": "^3.1.0",
        "@jridgewell/sourcemap-codec": "^1.4.14"
      }
    },
    "node_modules/@types/html-minifier-terser": {
      "version": "6.1.0",
      "license": "MIT"
    },
    "node_modules/acorn": {
      "version": "8.16.0",
      "license": "MIT",
      "bin": {
        "acorn": "bin/acorn"
      },
      "engines": {
        "node": ">=0.4.0"
      }
    },
    "node_modules/ansi-regex": {
      "version": "5.0.1",
      "license": "MIT",
      "engines": {
        "node": ">=8"
      }
    },
    "node_modules/boolbase": {
      "version": "1.0.0",
      "license": "ISC"
    },
    "node_modules/buffer-from": {
      "version": "1.1.2",
      "license": "MIT"
    },
    "node_modules/camel-case": {
      "version": "4.1.2",
      "license": "MIT",
      "dependencies": {
        "pascal-case": "^3.1.2",
        "tslib": "^2.0.3"
      }
    },
    "node_modules/clean-css": {
      "version": "5.3.3",
      "license": "MIT",
      "dependencies": {
        "source-map": "~0.6.0"
      },
      "engines": {
        "node": ">= 10.0"
      }
    },
    "node_modules/commander": {
      "version": "8.3.0",
      "license": "MIT",
      "engines": {
        "node": ">= 12"
      }
    },
    "node_modules/css-layout": {
      "version": "1.1.1",
      "license": "BSD"
    },
    "node_modules/css-select": {
      "version": "4.3.0",
      "license": "BSD-2-Clause",
      "dependencies": {
        "boolbase": "^1.0.0",
        "css-what": "^6.0.1",
        "domhandler": "^4.3.1",
        "domutils": "^2.8.0",
        "nth-check": "^2.0.1"
      },
      "funding": {
        "url": "https://github.com/sponsors/fb55"
      }
    },
    "node_modules/css-what": {
      "version": "6.2.2",
      "license": "BSD-2-Clause",
      "engines": {
        "node": ">= 6"
      },
      "funding": {
        "url": "https://github.com/sponsors/fb55"
      }
    },
    "node_modules/dom-converter": {
      "version": "0.2.0",
      "license": "MIT",
      "dependencies": {
        "utila": "~0.4"
      }
    },
    "node_modules/dom-serializer": {
      "version": "1.4.1",
      "license": "MIT",
      "dependencies": {
        "domelementtype": "^2.0.1",
        "domhandler": "^4.2.0",
        "entities": "^2.0.0"
      },
      "funding": {
        "url": "https://github.com/cheeriojs/dom-serializer?sponsor=1"
      }
    },
    "node_modules/domelementtype": {
      "version": "2.3.0",
      "funding": [
        {
          "type": "github",
          "url": "https://github.com/sponsors/fb55"
        }
      ],
      "license": "BSD-2-Clause"
    },
    "node_modules/domhandler": {
      "version": "4.3.1",
      "license": "BSD-2-Clause",
      "dependencies": {
        "domelementtype": "^2.2.0"
      },
      "engines": {
        "node": ">= 4"
      },
      "funding": {
        "url": "https://github.com/fb55/domhandler?sponsor=1"
      }
    },
    "node_modules/domutils": {
      "version": "2.8.0",
      "license": "BSD-2-Clause",
      "dependencies": {
        "dom-serializer": "^1.0.1",
        "domelementtype": "^2.2.0",
        "domhandler": "^4.2.0"
      },
      "funding": {
        "url": "https://github.com/fb55/domutils?sponsor=1"
      }
    },
    "node_modules/dot-case": {
      "version": "3.0.4",
      "license": "MIT",
      "dependencies": {
        "no-case": "^3.0.4",
        "tslib": "^2.0.3"
      }
    },
    "node_modules/entities": {
      "version": "2.2.0",
      "license": "BSD-2-Clause",
      "funding": {
        "url": "https://github.com/fb55/entities?sponsor=1"
      }
    },
    "node_modules/he": {
      "version": "1.2.0",
      "license": "MIT",
      "bin": {
        "he": "bin/he"
      }
    },
    "node_modules/html-minifier-terser": {
      "version": "6.1.0",
      "license": "MIT",
      "dependencies": {
        "camel-case": "^4.1.2",
        "clean-css": "^5.2.2",
        "commander": "^8.3.0",
        "he": "^1.2.0",
        "param-case": "^3.0.4",
        "relateurl": "^0.2.7",
        "terser": "^5.10.0"
      },
      "bin": {
        "html-minifier-terser": "cli.js"
      },
      "engines": {
        "node": ">=12"
      }
    },
    "node_modules/html-webpack-plugin": {
      "version": "5.6.7",
      "license": "MIT",
      "dependencies": {
        "@types/html-minifier-terser": "^6.0.0",
        "html-minifier-terser": "^6.0.2",
        "lodash": "^4.17.21",
        "pretty-error": "^4.0.0",
        "tapable": "^2.0.0"
      },
      "engines": {
        "node": ">=10.13.0"
      },
      "funding": {
        "type": "opencollective",
        "url": "https://opencollective.com/html-webpack-plugin"
      },
      "peerDependencies": {
        "@rspack/core": "0.x || 1.x",
        "webpack": "^5.20.0"
      },
      "peerDependenciesMeta": {
        "@rspack/core": {
          "optional": true
        },
        "webpack": {
          "optional": true
        }
      }
    },
    "node_modules/htmlparser2": {
      "version": "6.1.0",
      "funding": [
        "https://github.com/fb55/htmlparser2?sponsor=1",
        {
          "type": "github",
          "url": "https://github.com/sponsors/fb55"
        }
      ],
      "license": "MIT",
      "dependencies": {
        "domelementtype": "^2.0.1",
        "domhandler": "^4.0.0",
        "domutils": "^2.5.2",
        "entities": "^2.0.0"
      }
    },
    "node_modules/lodash": {
      "version": "4.18.1",
      "license": "MIT"
    },
    "node_modules/lower-case": {
      "version": "2.0.2",
      "license": "MIT",
      "dependencies": {
        "tslib": "^2.0.3"
      }
    },
    "node_modules/minigame-canvas-engine": {
      "version": "1.0.29",
      "resolved": "https://registry.npmjs.org/minigame-canvas-engine/-/minigame-canvas-engine-1.0.29.tgz",
      "integrity": "sha512-b3nN/X6oEd6q+UJW783I5t4iQU5Eczu5qHiHWw1a6/KkusWLJF0QsP8ijfP+eSdKwxHgZbDiAFnek5aWDPp2Og==",
      "dependencies": {
        "css-layout": "^1.1.1",
        "html-webpack-plugin": "^5.6.3",
        "tiny-emitter": "^2.1.0"
      }
    },
    "node_modules/no-case": {
      "version": "3.0.4",
      "license": "MIT",
      "dependencies": {
        "lower-case": "^2.0.2",
        "tslib": "^2.0.3"
      }
    },
    "node_modules/nth-check": {
      "version": "2.1.1",
      "license": "BSD-2-Clause",
      "dependencies": {
        "boolbase": "^1.0.0"
      },
      "funding": {
        "url": "https://github.com/fb55/nth-check?sponsor=1"
      }
    },
    "node_modules/param-case": {
      "version": "3.0.4",
      "license": "MIT",
      "dependencies": {
        "dot-case": "^3.0.4",
        "tslib": "^2.0.3"
      }
    },
    "node_modules/pascal-case": {
      "version": "3.1.2",
      "license": "MIT",
      "dependencies": {
        "no-case": "^3.0.4",
        "tslib": "^2.0.3"
      }
    },
    "node_modules/pretty-error": {
      "version": "4.0.0",
      "license": "MIT",
      "dependencies": {
        "lodash": "^4.17.20",
        "renderkid": "^3.0.0"
      }
    },
    "node_modules/relateurl": {
      "version": "0.2.7",
      "license": "MIT",
      "engines": {
        "node": ">= 0.10"
      }
    },
    "node_modules/renderkid": {
      "version": "3.0.0",
      "license": "MIT",
      "dependencies": {
        "css-select": "^4.1.3",
        "dom-converter": "^0.2.0",
        "htmlparser2": "^6.1.0",
        "lodash": "^4.17.21",
        "strip-ansi": "^6.0.1"
      }
    },
    "node_modules/source-map": {
      "version": "0.6.1",
      "license": "BSD-3-Clause",
      "engines": {
        "node": ">=0.10.0"
      }
    },
    "node_modules/source-map-support": {
      "version": "0.5.21",
      "license": "MIT",
      "dependencies": {
        "buffer-from": "^1.0.0",
        "source-map": "^0.6.0"
      }
    },
    "node_modules/strip-ansi": {
      "version": "6.0.1",
      "license": "MIT",
      "dependencies": {
        "ansi-regex": "^5.0.1"
      },
      "engines": {
        "node": ">=8"
      }
    },
    "node_modules/tapable": {
      "version": "2.3.3",
      "license": "MIT",
      "engines": {
        "node": ">=6"
      },
      "funding": {
        "type": "opencollective",
        "url": "https://opencollective.com/webpack"
      }
    },
    "node_modules/terser": {
      "version": "5.47.1",
      "license": "BSD-2-Clause",
      "dependencies": {
        "@jridgewell/source-map": "^0.3.3",
        "acorn": "^8.15.0",
        "commander": "^2.20.0",
        "source-map-support": "~0.5.20"
      },
      "bin": {
        "terser": "bin/terser"
      },
      "engines": {
        "node": ">=10"
      }
    },
    "node_modules/terser/node_modules/commander": {
      "version": "2.20.3",
      "license": "MIT"
    },
    "node_modules/tiny-emitter": {
      "version": "2.1.0",
      "license": "MIT"
    },
    "node_modules/tslib": {
      "version": "2.8.1",
      "license": "0BSD"
    },
    "node_modules/utila": {
      "version": "0.4.0",
      "license": "MIT"
    }
  },
  "dependencies": {
    "@jridgewell/gen-mapping": {
      "version": "0.3.13",
      "requires": {
        "@jridgewell/sourcemap-codec": "^1.5.0",
        "@jridgewell/trace-mapping": "^0.3.24"
      }
    },
    "@jridgewell/resolve-uri": {
      "version": "3.1.2"
    },
    "@jridgewell/source-map": {
      "version": "0.3.11",
      "requires": {
        "@jridgewell/gen-mapping": "^0.3.5",
        "@jridgewell/trace-mapping": "^0.3.25"
      }
    },
    "@jridgewell/sourcemap-codec": {
      "version": "1.5.5"
    },
    "@jridgewell/trace-mapping": {
      "version": "0.3.31",
      "requires": {
        "@jridgewell/resolve-uri": "^3.1.0",
        "@jridgewell/sourcemap-codec": "^1.4.14"
      }
    },
    "@types/html-minifier-terser": {
      "version": "6.1.0"
    },
    "acorn": {
      "version": "8.16.0"
    },
    "ansi-regex": {
      "version": "5.0.1"
    },
    "boolbase": {
      "version": "1.0.0"
    },
    "buffer-from": {
      "version": "1.1.2"
    },
    "camel-case": {
      "version": "4.1.2",
      "requires": {
        "pascal-case": "^3.1.2",
        "tslib": "^2.0.3"
      }
    },
    "clean-css": {
      "version": "5.3.3",
      "requires": {
        "source-map": "~0.6.0"
      }
    },
    "commander": {
      "version": "8.3.0"
    },
    "css-layout": {
      "version": "1.1.1"
    },
    "css-select": {
      "version": "4.3.0",
      "requires": {
        "boolbase": "^1.0.0",
        "css-what": "^6.0.1",
        "domhandler": "^4.3.1",
        "domutils": "^2.8.0",
        "nth-check": "^2.0.1"
      }
    },
    "css-what": {
      "version": "6.2.2"
    },
    "dom-converter": {
      "version": "0.2.0",
      "requires": {
        "utila": "~0.4"
      }
    },
    "dom-serializer": {
      "version": "1.4.1",
      "requires": {
        "domelementtype": "^2.0.1",
        "domhandler": "^4.2.0",
        "entities": "^2.0.0"
      }
    },
    "domelementtype": {
      "version": "2.3.0"
    },
    "domhandler": {
      "version": "4.3.1",
      "requires": {
        "domelementtype": "^2.2.0"
      }
    },
    "domutils": {
      "version": "2.8.0",
      "requires": {
        "dom-serializer": "^1.0.1",
        "domelementtype": "^2.2.0",
        "domhandler": "^4.2.0"
      }
    },
    "dot-case": {
      "version": "3.0.4",
      "requires": {
        "no-case": "^3.0.4",
        "tslib": "^2.0.3"
      }
    },
    "entities": {
      "version": "2.2.0"
    },
    "he": {
      "version": "1.2.0"
    },
    "html-minifier-terser": {
      "version": "6.1.0",
      "requires": {
        "camel-case": "^4.1.2",
        "clean-css": "^5.2.2",
        "commander": "^8.3.0",
        "he": "^1.2.0",
        "param-case": "^3.0.4",
        "relateurl": "^0.2.7",
        "terser": "^5.10.0"
      }
    },
    "html-webpack-plugin": {
      "version": "5.6.7",
      "requires": {
        "@types/html-minifier-terser": "^6.0.0",
        "html-minifier-terser": "^6.0.2",
        "lodash": "^4.17.21",
        "pretty-error": "^4.0.0",
        "tapable": "^2.0.0"
      }
    },
    "htmlparser2": {
      "version": "6.1.0",
      "requires": {
        "domelementtype": "^2.0.1",
        "domhandler": "^4.0.0",
        "domutils": "^2.5.2",
        "entities": "^2.0.0"
      }
    },
    "lodash": {
      "version": "4.18.1"
    },
    "lower-case": {
      "version": "2.0.2",
      "requires": {
        "tslib": "^2.0.3"
      }
    },
    "minigame-canvas-engine": {
      "version": "1.0.29",
      "resolved": "https://registry.npmjs.org/minigame-canvas-engine/-/minigame-canvas-engine-1.0.29.tgz",
      "integrity": "sha512-b3nN/X6oEd6q+UJW783I5t4iQU5Eczu5qHiHWw1a6/KkusWLJF0QsP8ijfP+eSdKwxHgZbDiAFnek5aWDPp2Og==",
      "requires": {
        "css-layout": "^1.1.1",
        "html-webpack-plugin": "^5.6.3",
        "tiny-emitter": "^2.1.0"
      }
    },
    "no-case": {
      "version": "3.0.4",
      "requires": {
        "lower-case": "^2.0.2",
        "tslib": "^2.0.3"
      }
    },
    "nth-check": {
      "version": "2.1.1",
      "requires": {
        "boolbase": "^1.0.0"
      }
    },
    "param-case": {
      "version": "3.0.4",
      "requires": {
        "dot-case": "^3.0.4",
        "tslib": "^2.0.3"
      }
    },
    "pascal-case": {
      "version": "3.1.2",
      "requires": {
        "no-case": "^3.0.4",
        "tslib": "^2.0.3"
      }
    },
    "pretty-error": {
      "version": "4.0.0",
      "requires": {
        "lodash": "^4.17.20",
        "renderkid": "^3.0.0"
      }
    },
    "relateurl": {
      "version": "0.2.7"
    },
    "renderkid": {
      "version": "3.0.0",
      "requires": {
        "css-select": "^4.1.3",
        "dom-converter": "^0.2.0",
        "htmlparser2": "^6.1.0",
        "lodash": "^4.17.21",
        "strip-ansi": "^6.0.1"
      }
    },
    "source-map": {
      "version": "0.6.1"
    },
    "source-map-support": {
      "version": "0.5.21",
      "requires": {
        "buffer-from": "^1.0.0",
        "source-map": "^0.6.0"
      }
    },
    "strip-ansi": {
      "version": "6.0.1",
      "requires": {
        "ansi-regex": "^5.0.1"
      }
    },
    "tapable": {
      "version": "2.3.3"
    },
    "terser": {
      "version": "5.47.1",
      "requires": {
        "@jridgewell/source-map": "^0.3.3",
        "acorn": "^8.15.0",
        "commander": "^2.20.0",
        "source-map-support": "~0.5.20"
      },
      "dependencies": {
        "commander": {
          "version": "2.20.3"
        }
      }
    },
    "tiny-emitter": {
      "version": "2.1.0"
    },
    "tslib": {
      "version": "2.8.1"
    },
    "utila": {
      "version": "0.4.0"
    }
  }
}
